// !$*UTF8*$!
{
	archiveVersion = 1;
	classes = {
	};
	objectVersion = 56;
	objects = {

/* Begin PBXBuildFile section */
		6902ADDD2AD86566005D5811 /* AppDelegate.swift in Sources */ = {isa = PBXBuildFile; fileRef = 6902ADDC2AD86566005D5811 /* AppDelegate.swift */; };
		6902ADDF2AD86566005D5811 /* SceneDelegate.swift in Sources */ = {isa = PBXBuildFile; fileRef = 6902ADDE2AD86566005D5811 /* SceneDelegate.swift */; };
		6902ADE92AD86568005D5811 /* LaunchScreen.storyboard in Resources */ = {isa = PBXBuildFile; fileRef = 6902ADE72AD86568005D5811 /* LaunchScreen.storyboard */; };
		6902ADF22AD86656005D5811 /* Alamofire in Frameworks */ = {isa = PBXBuildFile; productRef = 6902ADF12AD86656005D5811 /* Alamofire */; };
		6902ADF52AD86665005D5811 /* Kingfisher in Frameworks */ = {isa = PBXBuildFile; productRef = 6902ADF42AD86665005D5811 /* Kingfisher */; };
		6902ADF82AD86678005D5811 /* SwiftyBeaver in Frameworks */ = {isa = PBXBuildFile; productRef = 6902ADF72AD86678005D5811 /* SwiftyBeaver */; };
		6902ADFC2AD86708005D5811 /* AppCoordinator.swift in Sources */ = {isa = PBXBuildFile; fileRef = 6902ADFB2AD86708005D5811 /* AppCoordinator.swift */; };
		6902AE012AD86744005D5811 /* FeedViewController.swift in Sources */ = {isa = PBXBuildFile; fileRef = 6902ADFF2AD86744005D5811 /* FeedViewController.swift */; };
		6902AE022AD86744005D5811 /* FeedViewController.xib in Resources */ = {isa = PBXBuildFile; fileRef = 6902AE002AD86744005D5811 /* FeedViewController.xib */; };
		6902AE062AD86768005D5811 /* MoviewDetailsViewController.swift in Sources */ = {isa = PBXBuildFile; fileRef = 6902AE042AD86768005D5811 /* MoviewDetailsViewController.swift */; };
		6902AE072AD86768005D5811 /* MoviewDetailsViewController.xib in Resources */ = {isa = PBXBuildFile; fileRef = 6902AE052AD86768005D5811 /* MoviewDetailsViewController.xib */; };
		6902AE092AD86889005D5811 /* AFNetworkManager.swift in Sources */ = {isa = PBXBuildFile; fileRef = 6902AE082AD86889005D5811 /* AFNetworkManager.swift */; };
		6902AE0B2AD868CB005D5811 /* KeychainManager.swift in Sources */ = {isa = PBXBuildFile; fileRef = 6902AE0A2AD868CB005D5811 /* KeychainManager.swift */; };
		6902AE0E2AD86D03005D5811 /* Session.swift in Sources */ = {isa = PBXBuildFile; fileRef = 6902AE0D2AD86D03005D5811 /* Session.swift */; };
		6902AE102AD87436005D5811 /* NetworkMonitor.swift in Sources */ = {isa = PBXBuildFile; fileRef = 6902AE0F2AD87436005D5811 /* NetworkMonitor.swift */; };
		6902AE132AD8749E005D5811 /* Reachability in Frameworks */ = {isa = PBXBuildFile; productRef = 6902AE122AD8749E005D5811 /* Reachability */; };
		6902AE172AD87724005D5811 /* NoInternetTableViewCell.swift in Sources */ = {isa = PBXBuildFile; fileRef = 6902AE152AD87724005D5811 /* NoInternetTableViewCell.swift */; };
		6902AE182AD87724005D5811 /* NoInternetTableViewCell.xib in Resources */ = {isa = PBXBuildFile; fileRef = 6902AE162AD87724005D5811 /* NoInternetTableViewCell.xib */; };
		6902AE1B2AD877D4005D5811 /* MovieTableViewCell.swift in Sources */ = {isa = PBXBuildFile; fileRef = 6902AE192AD877D4005D5811 /* MovieTableViewCell.swift */; };
		6902AE1C2AD877D4005D5811 /* MovieTableViewCell.xib in Resources */ = {isa = PBXBuildFile; fileRef = 6902AE1A2AD877D4005D5811 /* MovieTableViewCell.xib */; };
		6902AE1F2AD88DB1005D5811 /* FilterButton.swift in Sources */ = {isa = PBXBuildFile; fileRef = 6902AE1E2AD88DB1005D5811 /* FilterButton.swift */; };
		6902AE222AD88DDE005D5811 /* UIImageExt.swift in Sources */ = {isa = PBXBuildFile; fileRef = 6902AE212AD88DDE005D5811 /* UIImageExt.swift */; };
		69B0293D2ADAF62600395318 /* TMDBAPI.swift in Sources */ = {isa = PBXBuildFile; fileRef = 69B0293C2ADAF62600395318 /* TMDBAPI.swift */; };
		69B0293F2ADAF74400395318 /* Movie.swift in Sources */ = {isa = PBXBuildFile; fileRef = 69B0293E2ADAF74400395318 /* Movie.swift */; };
		69B029412ADAF86600395318 /* FeedViewModel.swift in Sources */ = {isa = PBXBuildFile; fileRef = 69B029402ADAF86600395318 /* FeedViewModel.swift */; };
		69B029432ADB058300395318 /* UIViewcontrollerExt.swift in Sources */ = {isa = PBXBuildFile; fileRef = 69B029422ADB058300395318 /* UIViewcontrollerExt.swift */; };
		69B029452ADB1FF100395318 /* Genre.swift in Sources */ = {isa = PBXBuildFile; fileRef = 69B029442ADB1FF100395318 /* Genre.swift */; };
		69B029492ADB27D500395318 /* GenresFilterViewController.swift in Sources */ = {isa = PBXBuildFile; fileRef = 69B029472ADB27D500395318 /* GenresFilterViewController.swift */; };
		69B0294A2ADB27D500395318 /* GenresFilterViewController.xib in Resources */ = {isa = PBXBuildFile; fileRef = 69B029482ADB27D500395318 /* GenresFilterViewController.xib */; };
		69B0294E2ADB282F00395318 /* GenresTableViewCell.swift in Sources */ = {isa = PBXBuildFile; fileRef = 69B0294C2ADB282F00395318 /* GenresTableViewCell.swift */; };
		69B0294F2ADB282F00395318 /* GenresTableViewCell.xib in Resources */ = {isa = PBXBuildFile; fileRef = 69B0294D2ADB282F00395318 /* GenresTableViewCell.xib */; };
		69B029512ADB28E200395318 /* GenresFilterViewModel.swift in Sources */ = {isa = PBXBuildFile; fileRef = 69B029502ADB28E200395318 /* GenresFilterViewModel.swift */; };
		69B029532ADB2DF400395318 /* LocalStorageManager.swift in Sources */ = {isa = PBXBuildFile; fileRef = 69B029522ADB2DF400395318 /* LocalStorageManager.swift */; };
		69B029562ADB2E8200395318 /* LocalStorageKeys.swift in Sources */ = {isa = PBXBuildFile; fileRef = 69B029552ADB2E8200395318 /* LocalStorageKeys.swift */; };
		69B029582ADB36A600395318 /* NotificationCenterExt.swift in Sources */ = {isa = PBXBuildFile; fileRef = 69B029572ADB36A600395318 /* NotificationCenterExt.swift */; };
		69B0295B2ADC0F1600395318 /* MovieDetails.swift in Sources */ = {isa = PBXBuildFile; fileRef = 69B0295A2ADC0F1600395318 /* MovieDetails.swift */; };
		69B0295F2ADC147800395318 /* PosterTableViewCell.swift in Sources */ = {isa = PBXBuildFile; fileRef = 69B0295D2ADC147800395318 /* PosterTableViewCell.swift */; };
		69B029602ADC147800395318 /* PosterTableViewCell.xib in Resources */ = {isa = PBXBuildFile; fileRef = 69B0295E2ADC147800395318 /* PosterTableViewCell.xib */; };
		69B029632ADC15E800395318 /* DetailsTableViewCell.swift in Sources */ = {isa = PBXBuildFile; fileRef = 69B029612ADC15E800395318 /* DetailsTableViewCell.swift */; };
		69B029642ADC15E800395318 /* DetailsTableViewCell.xib in Resources */ = {isa = PBXBuildFile; fileRef = 69B029622ADC15E800395318 /* DetailsTableViewCell.xib */; };
		69B0296A2ADC1D6800395318 /* RatingsTableViewCell.swift in Sources */ = {isa = PBXBuildFile; fileRef = 69B029682ADC1D6800395318 /* RatingsTableViewCell.swift */; };
		69B0296B2ADC1D6800395318 /* RatingsTableViewCell.xib in Resources */ = {isa = PBXBuildFile; fileRef = 69B029692ADC1D6800395318 /* RatingsTableViewCell.xib */; };
		69B0296F2ADC1EE100395318 /* DescriptionTableViewCell.swift in Sources */ = {isa = PBXBuildFile; fileRef = 69B0296D2ADC1EE000395318 /* DescriptionTableViewCell.swift */; };
		69B029702ADC1EE100395318 /* DescriptionTableViewCell.xib in Resources */ = {isa = PBXBuildFile; fileRef = 69B0296E2ADC1EE100395318 /* DescriptionTableViewCell.xib */; };
		69B029722ADC30F800395318 /* ActivityIndicator.swift in Sources */ = {isa = PBXBuildFile; fileRef = 69B029712ADC30F800395318 /* ActivityIndicator.swift */; };
		69B0297A2ADC776D00395318 /* PosterViewController.swift in Sources */ = {isa = PBXBuildFile; fileRef = 69B029782ADC776D00395318 /* PosterViewController.swift */; };
		69B0297B2ADC776D00395318 /* PosterViewController.xib in Resources */ = {isa = PBXBuildFile; fileRef = 69B029792ADC776D00395318 /* PosterViewController.xib */; };
		69B0297F2ADC816600395318 /* YouTubePlayerKit in Frameworks */ = {isa = PBXBuildFile; productRef = 69B0297E2ADC816600395318 /* YouTubePlayerKit */; };
		69B029812ADC835500395318 /* Video.swift in Sources */ = {isa = PBXBuildFile; fileRef = 69B029802ADC835500395318 /* Video.swift */; };
		69B029832ADC842600395318 /* MovieDetailsViewModel.swift in Sources */ = {isa = PBXBuildFile; fileRef = 69B029822ADC842600395318 /* MovieDetailsViewModel.swift */; };
		69B029852ADDCE3700395318 /* Assets.xcassets in Resources */ = {isa = PBXBuildFile; fileRef = 69B029842ADDCE3700395318 /* Assets.xcassets */; };
		69B029872ADDD7EA00395318 /* StringExt.swift in Sources */ = {isa = PBXBuildFile; fileRef = 69B029862ADDD7EA00395318 /* StringExt.swift */; };
		69B029892ADDE07D00395318 /* HeaderView.swift in Sources */ = {isa = PBXBuildFile; fileRef = 69B029882ADDE07D00395318 /* HeaderView.swift */; };
		69B0298C2ADDE6F900395318 /* Localizable.strings in Resources */ = {isa = PBXBuildFile; fileRef = 69B0298E2ADDE6F900395318 /* Localizable.strings */; };
		69B029902ADDE77500395318 /* AppLocalization.swift in Sources */ = {isa = PBXBuildFile; fileRef = 69B0298F2ADDE77500395318 /* AppLocalization.swift */; };
/* End PBXBuildFile section */

/* Begin PBXFileReference section */
		6902ADD92AD86566005D5811 /* PopcornPalooza.app */ = {isa = PBXFileReference; explicitFileType = wrapper.application; includeInIndex = 0; path = PopcornPalooza.app; sourceTree = BUILT_PRODUCTS_DIR; };
		6902ADDC2AD86566005D5811 /* AppDelegate.swift */ = {isa = PBXFileReference; lastKnownFileType = sourcecode.swift; path = AppDelegate.swift; sourceTree = "<group>"; };
		6902ADDE2AD86566005D5811 /* SceneDelegate.swift */ = {isa = PBXFileReference; lastKnownFileType = sourcecode.swift; path = SceneDelegate.swift; sourceTree = "<group>"; };
		6902ADE82AD86568005D5811 /* Base */ = {isa = PBXFileReference; lastKnownFileType = file.storyboard; name = Base; path = Base.lproj/LaunchScreen.storyboard; sourceTree = "<group>"; };
		6902ADEA2AD86568005D5811 /* Info.plist */ = {isa = PBXFileReference; lastKnownFileType = text.plist.xml; path = Info.plist; sourceTree = "<group>"; };
		6902ADFB2AD86708005D5811 /* AppCoordinator.swift */ = {isa = PBXFileReference; lastKnownFileType = sourcecode.swift; path = AppCoordinator.swift; sourceTree = "<group>"; };
		6902ADFF2AD86744005D5811 /* FeedViewController.swift */ = {isa = PBXFileReference; lastKnownFileType = sourcecode.swift; path = FeedViewController.swift; sourceTree = "<group>"; };
		6902AE002AD86744005D5811 /* FeedViewController.xib */ = {isa = PBXFileReference; lastKnownFileType = file.xib; path = FeedViewController.xib; sourceTree = "<group>"; };
		6902AE042AD86768005D5811 /* MoviewDetailsViewController.swift */ = {isa = PBXFileReference; lastKnownFileType = sourcecode.swift; path = MoviewDetailsViewController.swift; sourceTree = "<group>"; };
		6902AE052AD86768005D5811 /* MoviewDetailsViewController.xib */ = {isa = PBXFileReference; lastKnownFileType = file.xib; path = MoviewDetailsViewController.xib; sourceTree = "<group>"; };
		6902AE082AD86889005D5811 /* AFNetworkManager.swift */ = {isa = PBXFileReference; lastKnownFileType = sourcecode.swift; path = AFNetworkManager.swift; sourceTree = "<group>"; };
		6902AE0A2AD868CB005D5811 /* KeychainManager.swift */ = {isa = PBXFileReference; lastKnownFileType = sourcecode.swift; path = KeychainManager.swift; sourceTree = "<group>"; };
		6902AE0D2AD86D03005D5811 /* Session.swift */ = {isa = PBXFileReference; lastKnownFileType = sourcecode.swift; path = Session.swift; sourceTree = "<group>"; };
		6902AE0F2AD87436005D5811 /* NetworkMonitor.swift */ = {isa = PBXFileReference; lastKnownFileType = sourcecode.swift; path = NetworkMonitor.swift; sourceTree = "<group>"; };
		6902AE152AD87724005D5811 /* NoInternetTableViewCell.swift */ = {isa = PBXFileReference; lastKnownFileType = sourcecode.swift; path = NoInternetTableViewCell.swift; sourceTree = "<group>"; };
		6902AE162AD87724005D5811 /* NoInternetTableViewCell.xib */ = {isa = PBXFileReference; lastKnownFileType = file.xib; path = NoInternetTableViewCell.xib; sourceTree = "<group>"; };
		6902AE192AD877D4005D5811 /* MovieTableViewCell.swift */ = {isa = PBXFileReference; lastKnownFileType = sourcecode.swift; path = MovieTableViewCell.swift; sourceTree = "<group>"; };
		6902AE1A2AD877D4005D5811 /* MovieTableViewCell.xib */ = {isa = PBXFileReference; lastKnownFileType = file.xib; path = MovieTableViewCell.xib; sourceTree = "<group>"; };
		6902AE1E2AD88DB1005D5811 /* FilterButton.swift */ = {isa = PBXFileReference; lastKnownFileType = sourcecode.swift; path = FilterButton.swift; sourceTree = "<group>"; };
		6902AE212AD88DDE005D5811 /* UIImageExt.swift */ = {isa = PBXFileReference; lastKnownFileType = sourcecode.swift; path = UIImageExt.swift; sourceTree = "<group>"; };
		69B0293C2ADAF62600395318 /* TMDBAPI.swift */ = {isa = PBXFileReference; lastKnownFileType = sourcecode.swift; path = TMDBAPI.swift; sourceTree = "<group>"; };
		69B0293E2ADAF74400395318 /* Movie.swift */ = {isa = PBXFileReference; lastKnownFileType = sourcecode.swift; path = Movie.swift; sourceTree = "<group>"; };
		69B029402ADAF86600395318 /* FeedViewModel.swift */ = {isa = PBXFileReference; lastKnownFileType = sourcecode.swift; path = FeedViewModel.swift; sourceTree = "<group>"; };
		69B029422ADB058300395318 /* UIViewcontrollerExt.swift */ = {isa = PBXFileReference; lastKnownFileType = sourcecode.swift; path = UIViewcontrollerExt.swift; sourceTree = "<group>"; };
		69B029442ADB1FF100395318 /* Genre.swift */ = {isa = PBXFileReference; lastKnownFileType = sourcecode.swift; path = Genre.swift; sourceTree = "<group>"; };
		69B029472ADB27D500395318 /* GenresFilterViewController.swift */ = {isa = PBXFileReference; lastKnownFileType = sourcecode.swift; path = GenresFilterViewController.swift; sourceTree = "<group>"; };
		69B029482ADB27D500395318 /* GenresFilterViewController.xib */ = {isa = PBXFileReference; lastKnownFileType = file.xib; path = GenresFilterViewController.xib; sourceTree = "<group>"; };
		69B0294C2ADB282F00395318 /* GenresTableViewCell.swift */ = {isa = PBXFileReference; lastKnownFileType = sourcecode.swift; path = GenresTableViewCell.swift; sourceTree = "<group>"; };
		69B0294D2ADB282F00395318 /* GenresTableViewCell.xib */ = {isa = PBXFileReference; lastKnownFileType = file.xib; path = GenresTableViewCell.xib; sourceTree = "<group>"; };
		69B029502ADB28E200395318 /* GenresFilterViewModel.swift */ = {isa = PBXFileReference; lastKnownFileType = sourcecode.swift; path = GenresFilterViewModel.swift; sourceTree = "<group>"; };
		69B029522ADB2DF400395318 /* LocalStorageManager.swift */ = {isa = PBXFileReference; lastKnownFileType = sourcecode.swift; path = LocalStorageManager.swift; sourceTree = "<group>"; };
		69B029552ADB2E8200395318 /* LocalStorageKeys.swift */ = {isa = PBXFileReference; lastKnownFileType = sourcecode.swift; path = LocalStorageKeys.swift; sourceTree = "<group>"; };
		69B029572ADB36A600395318 /* NotificationCenterExt.swift */ = {isa = PBXFileReference; lastKnownFileType = sourcecode.swift; path = NotificationCenterExt.swift; sourceTree = "<group>"; };
		69B0295A2ADC0F1600395318 /* MovieDetails.swift */ = {isa = PBXFileReference; lastKnownFileType = sourcecode.swift; path = MovieDetails.swift; sourceTree = "<group>"; };
		69B0295D2ADC147800395318 /* PosterTableViewCell.swift */ = {isa = PBXFileReference; lastKnownFileType = sourcecode.swift; path = PosterTableViewCell.swift; sourceTree = "<group>"; };
		69B0295E2ADC147800395318 /* PosterTableViewCell.xib */ = {isa = PBXFileReference; lastKnownFileType = file.xib; path = PosterTableViewCell.xib; sourceTree = "<group>"; };
		69B029612ADC15E800395318 /* DetailsTableViewCell.swift */ = {isa = PBXFileReference; lastKnownFileType = sourcecode.swift; path = DetailsTableViewCell.swift; sourceTree = "<group>"; };
		69B029622ADC15E800395318 /* DetailsTableViewCell.xib */ = {isa = PBXFileReference; lastKnownFileType = file.xib; path = DetailsTableViewCell.xib; sourceTree = "<group>"; };
		69B029682ADC1D6800395318 /* RatingsTableViewCell.swift */ = {isa = PBXFileReference; lastKnownFileType = sourcecode.swift; path = RatingsTableViewCell.swift; sourceTree = "<group>"; };
		69B029692ADC1D6800395318 /* RatingsTableViewCell.xib */ = {isa = PBXFileReference; lastKnownFileType = file.xib; path = RatingsTableViewCell.xib; sourceTree = "<group>"; };
		69B0296D2ADC1EE000395318 /* DescriptionTableViewCell.swift */ = {isa = PBXFileReference; lastKnownFileType = sourcecode.swift; path = DescriptionTableViewCell.swift; sourceTree = "<group>"; };
		69B0296E2ADC1EE100395318 /* DescriptionTableViewCell.xib */ = {isa = PBXFileReference; lastKnownFileType = file.xib; path = DescriptionTableViewCell.xib; sourceTree = "<group>"; };
		69B029712ADC30F800395318 /* ActivityIndicator.swift */ = {isa = PBXFileReference; lastKnownFileType = sourcecode.swift; path = ActivityIndicator.swift; sourceTree = "<group>"; };
		69B029782ADC776D00395318 /* PosterViewController.swift */ = {isa = PBXFileReference; lastKnownFileType = sourcecode.swift; path = PosterViewController.swift; sourceTree = "<group>"; };
		69B029792ADC776D00395318 /* PosterViewController.xib */ = {isa = PBXFileReference; lastKnownFileType = file.xib; path = PosterViewController.xib; sourceTree = "<group>"; };
		69B029802ADC835500395318 /* Video.swift */ = {isa = PBXFileReference; lastKnownFileType = sourcecode.swift; path = Video.swift; sourceTree = "<group>"; };
		69B029822ADC842600395318 /* MovieDetailsViewModel.swift */ = {isa = PBXFileReference; lastKnownFileType = sourcecode.swift; path = MovieDetailsViewModel.swift; sourceTree = "<group>"; };
		69B029842ADDCE3700395318 /* Assets.xcassets */ = {isa = PBXFileReference; lastKnownFileType = folder.assetcatalog; name = Assets.xcassets; path = ../../Assets.xcassets; sourceTree = "<group>"; };
		69B029862ADDD7EA00395318 /* StringExt.swift */ = {isa = PBXFileReference; lastKnownFileType = sourcecode.swift; path = StringExt.swift; sourceTree = "<group>"; };
		69B029882ADDE07D00395318 /* HeaderView.swift */ = {isa = PBXFileReference; lastKnownFileType = sourcecode.swift; path = HeaderView.swift; sourceTree = "<group>"; };
		69B0298D2ADDE6F900395318 /* en */ = {isa = PBXFileReference; lastKnownFileType = text.plist.strings; name = en; path = en.lproj/Localizable.strings; sourceTree = "<group>"; };
		69B0298F2ADDE77500395318 /* AppLocalization.swift */ = {isa = PBXFileReference; lastKnownFileType = sourcecode.swift; path = AppLocalization.swift; sourceTree = "<group>"; };
		69B029912ADDE7B900395318 /* uk */ = {isa = PBXFileReference; lastKnownFileType = text.plist.strings; name = uk; path = uk.lproj/LaunchScreen.strings; sourceTree = "<group>"; };
		69B029922ADDE7B900395318 /* uk */ = {isa = PBXFileReference; lastKnownFileType = text.plist.strings; name = uk; path = uk.lproj/Localizable.strings; sourceTree = "<group>"; };
/* End PBXFileReference section */

/* Begin PBXFrameworksBuildPhase section */
		6902ADD62AD86566005D5811 /* Frameworks */ = {
			isa = PBXFrameworksBuildPhase;
			buildActionMask = 2147483647;
			files = (
				6902ADF52AD86665005D5811 /* Kingfisher in Frameworks */,
				6902AE132AD8749E005D5811 /* Reachability in Frameworks */,
				69B0297F2ADC816600395318 /* YouTubePlayerKit in Frameworks */,
				6902ADF22AD86656005D5811 /* Alamofire in Frameworks */,
				6902ADF82AD86678005D5811 /* SwiftyBeaver in Frameworks */,
			);
			runOnlyForDeploymentPostprocessing = 0;
		};
/* End PBXFrameworksBuildPhase section */

/* Begin PBXGroup section */
		6902ADD02AD86566005D5811 = {
			isa = PBXGroup;
			children = (
				6902ADDB2AD86566005D5811 /* PopcornPalooza */,
				6902ADDA2AD86566005D5811 /* Products */,
			);
			sourceTree = "<group>";
		};
		6902ADDA2AD86566005D5811 /* Products */ = {
			isa = PBXGroup;
			children = (
				6902ADD92AD86566005D5811 /* PopcornPalooza.app */,
			);
			name = Products;
			sourceTree = "<group>";
		};
		6902ADDB2AD86566005D5811 /* PopcornPalooza */ = {
			isa = PBXGroup;
			children = (
				69B0293B2ADAF5F700395318 /* Networking */,
				6902AE202AD88DD0005D5811 /* Extensions */,
				6902AE1D2AD88D9C005D5811 /* CustomElements */,
				6902AE0C2AD86CF8005D5811 /* Models */,
				6902ADFD2AD86728005D5811 /* Screens */,
				6902ADFA2AD866EA005D5811 /* Helpers */,
				6902ADF92AD866DB005D5811 /* App */,
				69B029842ADDCE3700395318 /* Assets.xcassets */,
				6902ADEA2AD86568005D5811 /* Info.plist */,
				69B0298E2ADDE6F900395318 /* Localizable.strings */,
			);
			path = PopcornPalooza;
			sourceTree = "<group>";
		};
		6902ADF92AD866DB005D5811 /* App */ = {
			isa = PBXGroup;
			children = (
				6902ADDC2AD86566005D5811 /* AppDelegate.swift */,
				6902ADDE2AD86566005D5811 /* SceneDelegate.swift */,
				6902ADE72AD86568005D5811 /* LaunchScreen.storyboard */,
				69B0298F2ADDE77500395318 /* AppLocalization.swift */,
			);
			path = App;
			sourceTree = "<group>";
		};
		6902ADFA2AD866EA005D5811 /* Helpers */ = {
			isa = PBXGroup;
			children = (
				69B029542ADB2E7400395318 /* LocalStorage */,
				6902ADFB2AD86708005D5811 /* AppCoordinator.swift */,
				6902AE082AD86889005D5811 /* AFNetworkManager.swift */,
				6902AE0A2AD868CB005D5811 /* KeychainManager.swift */,
				6902AE0F2AD87436005D5811 /* NetworkMonitor.swift */,
			);
			path = Helpers;
			sourceTree = "<group>";
		};
		6902ADFD2AD86728005D5811 /* Screens */ = {
			isa = PBXGroup;
			children = (
				69B029732ADC773300395318 /* Poster */,
				69B029462ADB279200395318 /* GenresFilter */,
				6902AE032AD86755005D5811 /* Details */,
				6902ADFE2AD8672E005D5811 /* Feed */,
			);
			path = Screens;
			sourceTree = "<group>";
		};
		6902ADFE2AD8672E005D5811 /* Feed */ = {
			isa = PBXGroup;
			children = (
				6902AE142AD8770A005D5811 /* Views */,
				6902ADFF2AD86744005D5811 /* FeedViewController.swift */,
				6902AE002AD86744005D5811 /* FeedViewController.xib */,
				69B029402ADAF86600395318 /* FeedViewModel.swift */,
			);
			path = Feed;
			sourceTree = "<group>";
		};
		6902AE032AD86755005D5811 /* Details */ = {
			isa = PBXGroup;
			children = (
				69B0295C2ADC145D00395318 /* Views */,
				6902AE042AD86768005D5811 /* MoviewDetailsViewController.swift */,
				6902AE052AD86768005D5811 /* MoviewDetailsViewController.xib */,
				69B029822ADC842600395318 /* MovieDetailsViewModel.swift */,
			);
			path = Details;
			sourceTree = "<group>";
		};
		6902AE0C2AD86CF8005D5811 /* Models */ = {
			isa = PBXGroup;
			children = (
				6902AE0D2AD86D03005D5811 /* Session.swift */,
				69B0293E2ADAF74400395318 /* Movie.swift */,
				69B029442ADB1FF100395318 /* Genre.swift */,
				69B0295A2ADC0F1600395318 /* MovieDetails.swift */,
				69B029802ADC835500395318 /* Video.swift */,
			);
			path = Models;
			sourceTree = "<group>";
		};
		6902AE142AD8770A005D5811 /* Views */ = {
			isa = PBXGroup;
			children = (
				6902AE152AD87724005D5811 /* NoInternetTableViewCell.swift */,
				6902AE162AD87724005D5811 /* NoInternetTableViewCell.xib */,
				6902AE192AD877D4005D5811 /* MovieTableViewCell.swift */,
				6902AE1A2AD877D4005D5811 /* MovieTableViewCell.xib */,
			);
			path = Views;
			sourceTree = "<group>";
		};
		6902AE1D2AD88D9C005D5811 /* CustomElements */ = {
			isa = PBXGroup;
			children = (
				6902AE1E2AD88DB1005D5811 /* FilterButton.swift */,
				69B029712ADC30F800395318 /* ActivityIndicator.swift */,
			);
			path = CustomElements;
			sourceTree = "<group>";
		};
		6902AE202AD88DD0005D5811 /* Extensions */ = {
			isa = PBXGroup;
			children = (
				6902AE212AD88DDE005D5811 /* UIImageExt.swift */,
				69B029422ADB058300395318 /* UIViewcontrollerExt.swift */,
				69B029572ADB36A600395318 /* NotificationCenterExt.swift */,
				69B029862ADDD7EA00395318 /* StringExt.swift */,
			);
			path = Extensions;
			sourceTree = "<group>";
		};
		69B0293B2ADAF5F700395318 /* Networking */ = {
			isa = PBXGroup;
			children = (
				69B0293C2ADAF62600395318 /* TMDBAPI.swift */,
			);
			path = Networking;
			sourceTree = "<group>";
		};
		69B029462ADB279200395318 /* GenresFilter */ = {
			isa = PBXGroup;
			children = (
				69B0294B2ADB281700395318 /* Views */,
				69B029472ADB27D500395318 /* GenresFilterViewController.swift */,
				69B029482ADB27D500395318 /* GenresFilterViewController.xib */,
				69B029502ADB28E200395318 /* GenresFilterViewModel.swift */,
			);
			path = GenresFilter;
			sourceTree = "<group>";
		};
		69B0294B2ADB281700395318 /* Views */ = {
			isa = PBXGroup;
			children = (
				69B0294C2ADB282F00395318 /* GenresTableViewCell.swift */,
				69B0294D2ADB282F00395318 /* GenresTableViewCell.xib */,
				69B029882ADDE07D00395318 /* HeaderView.swift */,
			);
			path = Views;
			sourceTree = "<group>";
		};
		69B029542ADB2E7400395318 /* LocalStorage */ = {
			isa = PBXGroup;
			children = (
				69B029552ADB2E8200395318 /* LocalStorageKeys.swift */,
				69B029522ADB2DF400395318 /* LocalStorageManager.swift */,
			);
			path = LocalStorage;
			sourceTree = "<group>";
		};
		69B0295C2ADC145D00395318 /* Views */ = {
			isa = PBXGroup;
			children = (
				69B0296C2ADC1ECA00395318 /* Description */,
				69B029672ADC1D4F00395318 /* Ratings */,
				69B029652ADC15EE00395318 /* Poster */,
				69B029662ADC15F500395318 /* Details */,
			);
			path = Views;
			sourceTree = "<group>";
		};
		69B029652ADC15EE00395318 /* Poster */ = {
			isa = PBXGroup;
			children = (
				69B0295D2ADC147800395318 /* PosterTableViewCell.swift */,
				69B0295E2ADC147800395318 /* PosterTableViewCell.xib */,
			);
			path = Poster;
			sourceTree = "<group>";
		};
		69B029662ADC15F500395318 /* Details */ = {
			isa = PBXGroup;
			children = (
				69B029612ADC15E800395318 /* DetailsTableViewCell.swift */,
				69B029622ADC15E800395318 /* DetailsTableViewCell.xib */,
			);
			path = Details;
			sourceTree = "<group>";
		};
		69B029672ADC1D4F00395318 /* Ratings */ = {
			isa = PBXGroup;
			children = (
				69B029682ADC1D6800395318 /* RatingsTableViewCell.swift */,
				69B029692ADC1D6800395318 /* RatingsTableViewCell.xib */,
			);
			path = Ratings;
			sourceTree = "<group>";
		};
		69B0296C2ADC1ECA00395318 /* Description */ = {
			isa = PBXGroup;
			children = (
				69B0296D2ADC1EE000395318 /* DescriptionTableViewCell.swift */,
				69B0296E2ADC1EE100395318 /* DescriptionTableViewCell.xib */,
			);
			path = Description;
			sourceTree = "<group>";
		};
		69B029732ADC773300395318 /* Poster */ = {
			isa = PBXGroup;
			children = (
				69B029782ADC776D00395318 /* PosterViewController.swift */,
				69B029792ADC776D00395318 /* PosterViewController.xib */,
			);
			path = Poster;
			sourceTree = "<group>";
		};
/* End PBXGroup section */

/* Begin PBXNativeTarget section */
		6902ADD82AD86566005D5811 /* PopcornPalooza */ = {
			isa = PBXNativeTarget;
			buildConfigurationList = 6902ADED2AD86568005D5811 /* Build configuration list for PBXNativeTarget "PopcornPalooza" */;
			buildPhases = (
				6902ADD52AD86566005D5811 /* Sources */,
				6902ADD62AD86566005D5811 /* Frameworks */,
				6902ADD72AD86566005D5811 /* Resources */,
			);
			buildRules = (
			);
			dependencies = (
			);
			name = PopcornPalooza;
			packageProductDependencies = (
				6902ADF12AD86656005D5811 /* Alamofire */,
				6902ADF42AD86665005D5811 /* Kingfisher */,
				6902ADF72AD86678005D5811 /* SwiftyBeaver */,
				6902AE122AD8749E005D5811 /* Reachability */,
				69B0297E2ADC816600395318 /* YouTubePlayerKit */,
			);
			productName = PopcornPalooza;
			productReference = 6902ADD92AD86566005D5811 /* PopcornPalooza.app */;
			productType = "com.apple.product-type.application";
		};
/* End PBXNativeTarget section */

/* Begin PBXProject section */
		6902ADD12AD86566005D5811 /* Project object */ = {
			isa = PBXProject;
			attributes = {
				BuildIndependentTargetsInParallel = 1;
				LastSwiftUpdateCheck = 1420;
				LastUpgradeCheck = 1420;
				TargetAttributes = {
					6902ADD82AD86566005D5811 = {
						CreatedOnToolsVersion = 14.2;
					};
				};
			};
			buildConfigurationList = 6902ADD42AD86566005D5811 /* Build configuration list for PBXProject "PopcornPalooza" */;
			compatibilityVersion = "Xcode 14.0";
			developmentRegion = en;
			hasScannedForEncodings = 0;
			knownRegions = (
				en,
				Base,
				uk,
			);
			mainGroup = 6902ADD02AD86566005D5811;
			packageReferences = (
				6902ADF02AD86656005D5811 /* XCRemoteSwiftPackageReference "Alamofire" */,
				6902ADF32AD86665005D5811 /* XCRemoteSwiftPackageReference "Kingfisher" */,
				6902ADF62AD86678005D5811 /* XCRemoteSwiftPackageReference "SwiftyBeaver" */,
				6902AE112AD8749E005D5811 /* XCRemoteSwiftPackageReference "Reachability" */,
				69B0297D2ADC816600395318 /* XCRemoteSwiftPackageReference "YouTubePlayerKit" */,
			);
			productRefGroup = 6902ADDA2AD86566005D5811 /* Products */;
			projectDirPath = "";
			projectRoot = "";
			targets = (
				6902ADD82AD86566005D5811 /* PopcornPalooza */,
			);
		};
/* End PBXProject section */

/* Begin PBXResourcesBuildPhase section */
		6902ADD72AD86566005D5811 /* Resources */ = {
			isa = PBXResourcesBuildPhase;
			buildActionMask = 2147483647;
			files = (
				69B029642ADC15E800395318 /* DetailsTableViewCell.xib in Resources */,
				69B0297B2ADC776D00395318 /* PosterViewController.xib in Resources */,
				6902AE072AD86768005D5811 /* MoviewDetailsViewController.xib in Resources */,
				69B0298C2ADDE6F900395318 /* Localizable.strings in Resources */,
				69B0296B2ADC1D6800395318 /* RatingsTableViewCell.xib in Resources */,
				69B029852ADDCE3700395318 /* Assets.xcassets in Resources */,
				6902ADE92AD86568005D5811 /* LaunchScreen.storyboard in Resources */,
				69B0294A2ADB27D500395318 /* GenresFilterViewController.xib in Resources */,
				69B029602ADC147800395318 /* PosterTableViewCell.xib in Resources */,
				6902AE1C2AD877D4005D5811 /* MovieTableViewCell.xib in Resources */,
				6902AE022AD86744005D5811 /* FeedViewController.xib in Resources */,
				69B029702ADC1EE100395318 /* DescriptionTableViewCell.xib in Resources */,
				6902AE182AD87724005D5811 /* NoInternetTableViewCell.xib in Resources */,
				69B0294F2ADB282F00395318 /* GenresTableViewCell.xib in Resources */,
			);
			runOnlyForDeploymentPostprocessing = 0;
		};
/* End PBXResourcesBuildPhase section */

/* Begin PBXSourcesBuildPhase section */
		6902ADD52AD86566005D5811 /* Sources */ = {
			isa = PBXSourcesBuildPhase;
			buildActionMask = 2147483647;
			files = (
				6902ADFC2AD86708005D5811 /* AppCoordinator.swift in Sources */,
				6902ADDD2AD86566005D5811 /* AppDelegate.swift in Sources */,
				69B029562ADB2E8200395318 /* LocalStorageKeys.swift in Sources */,
				69B0295B2ADC0F1600395318 /* MovieDetails.swift in Sources */,
				6902AE0B2AD868CB005D5811 /* KeychainManager.swift in Sources */,
				69B029832ADC842600395318 /* MovieDetailsViewModel.swift in Sources */,
				69B029432ADB058300395318 /* UIViewcontrollerExt.swift in Sources */,
				69B0293F2ADAF74400395318 /* Movie.swift in Sources */,
				6902AE062AD86768005D5811 /* MoviewDetailsViewController.swift in Sources */,
				6902AE0E2AD86D03005D5811 /* Session.swift in Sources */,
				69B029872ADDD7EA00395318 /* StringExt.swift in Sources */,
				69B0294E2ADB282F00395318 /* GenresTableViewCell.swift in Sources */,
				69B0293D2ADAF62600395318 /* TMDBAPI.swift in Sources */,
				6902AE172AD87724005D5811 /* NoInternetTableViewCell.swift in Sources */,
				69B029902ADDE77500395318 /* AppLocalization.swift in Sources */,
				69B029452ADB1FF100395318 /* Genre.swift in Sources */,
				6902AE012AD86744005D5811 /* FeedViewController.swift in Sources */,
				69B0295F2ADC147800395318 /* PosterTableViewCell.swift in Sources */,
				6902AE1F2AD88DB1005D5811 /* FilterButton.swift in Sources */,
				69B029722ADC30F800395318 /* ActivityIndicator.swift in Sources */,
				69B029532ADB2DF400395318 /* LocalStorageManager.swift in Sources */,
				69B029892ADDE07D00395318 /* HeaderView.swift in Sources */,
				69B029582ADB36A600395318 /* NotificationCenterExt.swift in Sources */,
				6902AE222AD88DDE005D5811 /* UIImageExt.swift in Sources */,
				69B029492ADB27D500395318 /* GenresFilterViewController.swift in Sources */,
				69B0296A2ADC1D6800395318 /* RatingsTableViewCell.swift in Sources */,
				6902ADDF2AD86566005D5811 /* SceneDelegate.swift in Sources */,
				69B0296F2ADC1EE100395318 /* DescriptionTableViewCell.swift in Sources */,
				69B029632ADC15E800395318 /* DetailsTableViewCell.swift in Sources */,
				6902AE102AD87436005D5811 /* NetworkMonitor.swift in Sources */,
				69B0297A2ADC776D00395318 /* PosterViewController.swift in Sources */,
				6902AE1B2AD877D4005D5811 /* MovieTableViewCell.swift in Sources */,
				69B029412ADAF86600395318 /* FeedViewModel.swift in Sources */,
				69B029812ADC835500395318 /* Video.swift in Sources */,
				6902AE092AD86889005D5811 /* AFNetworkManager.swift in Sources */,
				69B029512ADB28E200395318 /* GenresFilterViewModel.swift in Sources */,
			);
			runOnlyForDeploymentPostprocessing = 0;
		};
/* End PBXSourcesBuildPhase section */

/* Begin PBXVariantGroup section */
		6902ADE72AD86568005D5811 /* LaunchScreen.storyboard */ = {
			isa = PBXVariantGroup;
			children = (
				6902ADE82AD86568005D5811 /* Base */,
				69B029912ADDE7B900395318 /* uk */,
			);
			name = LaunchScreen.storyboard;
			sourceTree = "<group>";
		};
		69B0298E2ADDE6F900395318 /* Localizable.strings */ = {
			isa = PBXVariantGroup;
			children = (
				69B0298D2ADDE6F900395318 /* en */,
				69B029922ADDE7B900395318 /* uk */,
			);
			name = Localizable.strings;
			sourceTree = "<group>";
		};
/* End PBXVariantGroup section */

/* Begin XCBuildConfiguration section */
		6902ADEB2AD86568005D5811 /* Debug */ = {
			isa = XCBuildConfiguration;
			buildSettings = {
				ALWAYS_SEARCH_USER_PATHS = NO;
				CLANG_ANALYZER_LOCALIZABILITY_NONLOCALIZED = YES;
				CLANG_ANALYZER_NONNULL = YES;
				CLANG_ANALYZER_NUMBER_OBJECT_CONVERSION = YES_AGGRESSIVE;
				CLANG_CXX_LANGUAGE_STANDARD = "gnu++20";
				CLANG_ENABLE_MODULES = YES;
				CLANG_ENABLE_OBJC_ARC = YES;
				CLANG_ENABLE_OBJC_WEAK = YES;
				CLANG_WARN_BLOCK_CAPTURE_AUTORELEASING = YES;
				CLANG_WARN_BOOL_CONVERSION = YES;
				CLANG_WARN_COMMA = YES;
				CLANG_WARN_CONSTANT_CONVERSION = YES;
				CLANG_WARN_DEPRECATED_OBJC_IMPLEMENTATIONS = YES;
				CLANG_WARN_DIRECT_OBJC_ISA_USAGE = YES_ERROR;
				CLANG_WARN_DOCUMENTATION_COMMENTS = YES;
				CLANG_WARN_EMPTY_BODY = YES;
				CLANG_WARN_ENUM_CONVERSION = YES;
				CLANG_WARN_INFINITE_RECURSION = YES;
				CLANG_WARN_INT_CONVERSION = YES;
				CLANG_WARN_NON_LITERAL_NULL_CONVERSION = YES;
				CLANG_WARN_OBJC_IMPLICIT_RETAIN_SELF = YES;
				CLANG_WARN_OBJC_LITERAL_CONVERSION = YES;
				CLANG_WARN_OBJC_ROOT_CLASS = YES_ERROR;
				CLANG_WARN_QUOTED_INCLUDE_IN_FRAMEWORK_HEADER = YES;
				CLANG_WARN_RANGE_LOOP_ANALYSIS = YES;
				CLANG_WARN_STRICT_PROTOTYPES = YES;
				CLANG_WARN_SUSPICIOUS_MOVE = YES;
				CLANG_WARN_UNGUARDED_AVAILABILITY = YES_AGGRESSIVE;
				CLANG_WARN_UNREACHABLE_CODE = YES;
				CLANG_WARN__DUPLICATE_METHOD_MATCH = YES;
				COPY_PHASE_STRIP = NO;
				DEBUG_INFORMATION_FORMAT = dwarf;
				ENABLE_STRICT_OBJC_MSGSEND = YES;
				ENABLE_TESTABILITY = YES;
				GCC_C_LANGUAGE_STANDARD = gnu11;
				GCC_DYNAMIC_NO_PIC = NO;
				GCC_NO_COMMON_BLOCKS = YES;
				GCC_OPTIMIZATION_LEVEL = 0;
				GCC_PREPROCESSOR_DEFINITIONS = (
					"DEBUG=1",
					"$(inherited)",
				);
				GCC_WARN_64_TO_32_BIT_CONVERSION = YES;
				GCC_WARN_ABOUT_RETURN_TYPE = YES_ERROR;
				GCC_WARN_UNDECLARED_SELECTOR = YES;
				GCC_WARN_UNINITIALIZED_AUTOS = YES_AGGRESSIVE;
				GCC_WARN_UNUSED_FUNCTION = YES;
				GCC_WARN_UNUSED_VARIABLE = YES;
				IPHONEOS_DEPLOYMENT_TARGET = 15.0;
				MTL_ENABLE_DEBUG_INFO = INCLUDE_SOURCE;
				MTL_FAST_MATH = YES;
				ONLY_ACTIVE_ARCH = YES;
				SDKROOT = iphoneos;
				SWIFT_ACTIVE_COMPILATION_CONDITIONS = DEBUG;
				SWIFT_OPTIMIZATION_LEVEL = "-Onone";
			};
			name = Debug;
		};
		6902ADEC2AD86568005D5811 /* Release */ = {
			isa = XCBuildConfiguration;
			buildSettings = {
				ALWAYS_SEARCH_USER_PATHS = NO;
				CLANG_ANALYZER_LOCALIZABILITY_NONLOCALIZED = YES;
				CLANG_ANALYZER_NONNULL = YES;
				CLANG_ANALYZER_NUMBER_OBJECT_CONVERSION = YES_AGGRESSIVE;
				CLANG_CXX_LANGUAGE_STANDARD = "gnu++20";
				CLANG_ENABLE_MODULES = YES;
				CLANG_ENABLE_OBJC_ARC = YES;
				CLANG_ENABLE_OBJC_WEAK = YES;
				CLANG_WARN_BLOCK_CAPTURE_AUTORELEASING = YES;
				CLANG_WARN_BOOL_CONVERSION = YES;
				CLANG_WARN_COMMA = YES;
				CLANG_WARN_CONSTANT_CONVERSION = YES;
				CLANG_WARN_DEPRECATED_OBJC_IMPLEMENTATIONS = YES;
				CLANG_WARN_DIRECT_OBJC_ISA_USAGE = YES_ERROR;
				CLANG_WARN_DOCUMENTATION_COMMENTS = YES;
				CLANG_WARN_EMPTY_BODY = YES;
				CLANG_WARN_ENUM_CONVERSION = YES;
				CLANG_WARN_INFINITE_RECURSION = YES;
				CLANG_WARN_INT_CONVERSION = YES;
				CLANG_WARN_NON_LITERAL_NULL_CONVERSION = YES;
				CLANG_WARN_OBJC_IMPLICIT_RETAIN_SELF = YES;
				CLANG_WARN_OBJC_LITERAL_CONVERSION = YES;
				CLANG_WARN_OBJC_ROOT_CLASS = YES_ERROR;
				CLANG_WARN_QUOTED_INCLUDE_IN_FRAMEWORK_HEADER = YES;
				CLANG_WARN_RANGE_LOOP_ANALYSIS = YES;
				CLANG_WARN_STRICT_PROTOTYPES = YES;
				CLANG_WARN_SUSPICIOUS_MOVE = YES;
				CLANG_WARN_UNGUARDED_AVAILABILITY = YES_AGGRESSIVE;
				CLANG_WARN_UNREACHABLE_CODE = YES;
				CLANG_WARN__DUPLICATE_METHOD_MATCH = YES;
				COPY_PHASE_STRIP = NO;
				DEBUG_INFORMATION_FORMAT = "dwarf-with-dsym";
				ENABLE_NS_ASSERTIONS = NO;
				ENABLE_STRICT_OBJC_MSGSEND = YES;
				GCC_C_LANGUAGE_STANDARD = gnu11;
				GCC_NO_COMMON_BLOCKS = YES;
				GCC_WARN_64_TO_32_BIT_CONVERSION = YES;
				GCC_WARN_ABOUT_RETURN_TYPE = YES_ERROR;
				GCC_WARN_UNDECLARED_SELECTOR = YES;
				GCC_WARN_UNINITIALIZED_AUTOS = YES_AGGRESSIVE;
				GCC_WARN_UNUSED_FUNCTION = YES;
				GCC_WARN_UNUSED_VARIABLE = YES;
				IPHONEOS_DEPLOYMENT_TARGET = 15.0;
				MTL_ENABLE_DEBUG_INFO = NO;
				MTL_FAST_MATH = YES;
				SDKROOT = iphoneos;
				SWIFT_COMPILATION_MODE = wholemodule;
				SWIFT_OPTIMIZATION_LEVEL = "-O";
				VALIDATE_PRODUCT = YES;
			};
			name = Release;
		};
		6902ADEE2AD86568005D5811 /* Debug */ = {
			isa = XCBuildConfiguration;
			buildSettings = {
				ASSETCATALOG_COMPILER_APPICON_NAME = AppIcon;
				ASSETCATALOG_COMPILER_GLOBAL_ACCENT_COLOR_NAME = AccentColor;
				CODE_SIGN_STYLE = Automatic;
				CURRENT_PROJECT_VERSION = 1;
				DEVELOPMENT_TEAM = 8XTSP52HLD;
				GENERATE_INFOPLIST_FILE = YES;
				INFOPLIST_FILE = PopcornPalooza/Info.plist;
				INFOPLIST_KEY_UIApplicationSupportsIndirectInputEvents = YES;
				INFOPLIST_KEY_UILaunchStoryboardName = LaunchScreen;
				INFOPLIST_KEY_UISupportedInterfaceOrientations = UIInterfaceOrientationPortrait;
				INFOPLIST_KEY_UISupportedInterfaceOrientations_iPad = "UIInterfaceOrientationLandscapeLeft UIInterfaceOrientationLandscapeRight UIInterfaceOrientationPortrait UIInterfaceOrientationPortraitUpsideDown";
				LD_RUNPATH_SEARCH_PATHS = (
					"$(inherited)",
					"@executable_path/Frameworks",
				);
				MARKETING_VERSION = 1.0;
				PRODUCT_BUNDLE_IDENTIFIER = com.mpotapov.PopcornPalooza;
				PRODUCT_NAME = "$(TARGET_NAME)";
				SUPPORTED_PLATFORMS = "iphoneos iphonesimulator";
				SUPPORTS_MACCATALYST = NO;
				SUPPORTS_MAC_DESIGNED_FOR_IPHONE_IPAD = NO;
				SWIFT_EMIT_LOC_STRINGS = YES;
				SWIFT_VERSION = 5.0;
				TARGETED_DEVICE_FAMILY = 1;
			};
			name = Debug;
		};
		6902ADEF2AD86568005D5811 /* Release */ = {
			isa = XCBuildConfiguration;
			buildSettings = {
				ASSETCATALOG_COMPILER_APPICON_NAME = AppIcon;
				ASSETCATALOG_COMPILER_GLOBAL_ACCENT_COLOR_NAME = AccentColor;
				CODE_SIGN_STYLE = Automatic;
				CURRENT_PROJECT_VERSION = 1;
				DEVELOPMENT_TEAM = 8XTSP52HLD;
				GENERATE_INFOPLIST_FILE = YES;
				INFOPLIST_FILE = PopcornPalooza/Info.plist;
				INFOPLIST_KEY_UIApplicationSupportsIndirectInputEvents = YES;
				INFOPLIST_KEY_UILaunchStoryboardName = LaunchScreen;
				INFOPLIST_KEY_UISupportedInterfaceOrientations = UIInterfaceOrientationPortrait;
				INFOPLIST_KEY_UISupportedInterfaceOrientations_iPad = "UIInterfaceOrientationLandscapeLeft UIInterfaceOrientationLandscapeRight UIInterfaceOrientationPortrait UIInterfaceOrientationPortraitUpsideDown";
				LD_RUNPATH_SEARCH_PATHS = (
					"$(inherited)",
					"@executable_path/Frameworks",
				);
				MARKETING_VERSION = 1.0;
				PRODUCT_BUNDLE_IDENTIFIER = com.mpotapov.PopcornPalooza;
				PRODUCT_NAME = "$(TARGET_NAME)";
				SUPPORTED_PLATFORMS = "iphoneos iphonesimulator";
				SUPPORTS_MACCATALYST = NO;
				SUPPORTS_MAC_DESIGNED_FOR_IPHONE_IPAD = NO;
				SWIFT_EMIT_LOC_STRINGS = YES;
				SWIFT_VERSION = 5.0;
				TARGETED_DEVICE_FAMILY = 1;
			};
			name = Release;
		};
/* End XCBuildConfiguration section */

/* Begin XCConfigurationList section */
		6902ADD42AD86566005D5811 /* Build configuration list for PBXProject "PopcornPalooza" */ = {
			isa = XCConfigurationList;
			buildConfigurations = (
				6902ADEB2AD86568005D5811 /* Debug */,
				6902ADEC2AD86568005D5811 /* Release */,
			);
			defaultConfigurationIsVisible = 0;
			defaultConfigurationName = Release;
		};
		6902ADED2AD86568005D5811 /* Build configuration list for PBXNativeTarget "PopcornPalooza" */ = {
			isa = XCConfigurationList;
			buildConfigurations = (
				6902ADEE2AD86568005D5811 /* Debug */,
				6902ADEF2AD86568005D5811 /* Release */,
			);
			defaultConfigurationIsVisible = 0;
			defaultConfigurationName = Release;
		};
/* End XCConfigurationList section */

/* Begin XCRemoteSwiftPackageReference section */
		6902ADF02AD86656005D5811 /* XCRemoteSwiftPackageReference "Alamofire" */ = {
			isa = XCRemoteSwiftPackageReference;
			repositoryURL = "https://github.com/Alamofire/Alamofire.git";
			requirement = {
				kind = upToNextMajorVersion;
				minimumVersion = 5.0.0;
			};
		};
		6902ADF32AD86665005D5811 /* XCRemoteSwiftPackageReference "Kingfisher" */ = {
			isa = XCRemoteSwiftPackageReference;
			repositoryURL = "https://github.com/onevcat/Kingfisher.git";
			requirement = {
				branch = master;
				kind = branch;
			};
		};
		6902ADF62AD86678005D5811 /* XCRemoteSwiftPackageReference "SwiftyBeaver" */ = {
			isa = XCRemoteSwiftPackageReference;
			repositoryURL = "https://github.com/SwiftyBeaver/SwiftyBeaver.git";
			requirement = {
				branch = master;
				kind = branch;
			};
		};
		6902AE112AD8749E005D5811 /* XCRemoteSwiftPackageReference "Reachability" */ = {
			isa = XCRemoteSwiftPackageReference;
			repositoryURL = "https://github.com/ashleymills/Reachability.swift";
			requirement = {
				branch = master;
				kind = branch;
			};
		};
		69B0297D2ADC816600395318 /* XCRemoteSwiftPackageReference "YouTubePlayerKit" */ = {
			isa = XCRemoteSwiftPackageReference;
			repositoryURL = "https://github.com/SvenTiigi/YouTubePlayerKit.git";
			requirement = {
				kind = upToNextMajorVersion;
				minimumVersion = 1.0.0;
			};
		};
/* End XCRemoteSwiftPackageReference section */

/* Begin XCSwiftPackageProductDependency section */
		6902ADF12AD86656005D5811 /* Alamofire */ = {
			isa = XCSwiftPackageProductDependency;
			package = 6902ADF02AD86656005D5811 /* XCRemoteSwiftPackageReference "Alamofire" */;
			productName = Alamofire;
		};
		6902ADF42AD86665005D5811 /* Kingfisher */ = {
			isa = XCSwiftPackageProductDependency;
			package = 6902ADF32AD86665005D5811 /* XCRemoteSwiftPackageReference "Kingfisher" */;
			productName = Kingfisher;
		};
		6902ADF72AD86678005D5811 /* SwiftyBeaver */ = {
			isa = XCSwiftPackageProductDependency;
			package = 6902ADF62AD86678005D5811 /* XCRemoteSwiftPackageReference "SwiftyBeaver" */;
			productName = SwiftyBeaver;
		};
		6902AE122AD8749E005D5811 /* Reachability */ = {
			isa = XCSwiftPackageProductDependency;
			package = 6902AE112AD8749E005D5811 /* XCRemoteSwiftPackageReference "Reachability" */;
			productName = Reachability;
		};
		69B0297E2ADC816600395318 /* YouTubePlayerKit */ = {
			isa = XCSwiftPackageProductDependency;
			package = 69B0297D2ADC816600395318 /* XCRemoteSwiftPackageReference "YouTubePlayerKit" */;
			productName = YouTubePlayerKit;
		};
/* End XCSwiftPackageProductDependency section */
	};
	rootObject = 6902ADD12AD86566005D5811 /* Project object */;
}
